version = 1
revision = 3
requires-python = ">=3.12"

[[package]]
name = "fastexcel"
version = "0.18.0"
source = { registry = "https://pypi.org/simple" }
sdist = { url = "https://files.pythonhosted.org/packages/8a/bd/29c2e1689587ca5fa23f2e422e1a845cb6c3b6e19197f56d8ac8360f9889/fastexcel-0.18.0.tar.gz", hash = "sha256:00d82b787ca6dd0fae9c5d75e6c7b0a2c489236ac93e63cba70571e6d3e87568", size = 59027, upload-time = "2025-11-24T11:07:52.799Z" }
wheels = [
    { url = "https://files.pythonhosted.org/packages/c9/af/86df57906c473d0072785360f1951b222ba6d33b2ff1e0bea86ff6070503/fastexcel-0.18.0-cp310-abi3-macosx_10_12_x86_64.whl", hash = "sha256:6ec6e53de42519b8a080dcaf1ec8e8eca99c5e6a19d30022d168f488b1f0ec12", size = 3065735, upload-time = "2025-11-24T11:07:41.223Z" },
    { url = "https://files.pythonhosted.org/packages/81/74/ce74f5d5a7fd36e3384499fe43bb5db23cf16c98b7f95b0f3a2456361cb3/fastexcel-0.18.0-cp310-abi3-macosx_11_0_arm64.whl", hash = "sha256:b7fadce17c6649819709bd06f5acb66bae3ce38112237d80b4816ab791693b73", size = 2857635, upload-time = "2025-11-24T11:07:43.6Z" },
    { url = "https://files.pythonhosted.org/packages/1c/05/68f6145b7230a4e75b8c08a592ce4dcac88567420967aca190b7feee73e3/fastexcel-0.18.0-cp310-abi3-manylinux_2_17_aarch64.manylinux2014_aarch64.whl", hash = "sha256:3f8edb3e38aa458a110dffd3fb6aabb64ef8e10b8c5cede2d2346e5c04e5e1ef", size = 3185991, upload-time = "2025-11-24T11:07:33.102Z" },
    { url = "https://files.pythonhosted.org/packages/81/c5/d2833ce05892e78979450c0a439a0298bddbb5613244d5d43406341cc217/fastexcel-0.18.0-cp310-abi3-manylinux_2_17_x86_64.manylinux2014_x86_64.whl", hash = "sha256:9eaebd921d4d89d02293e94739d92965f58873433e77a44a187ed1947769592c", size = 3359228, upload-time = "2025-11-24T11:07:35.07Z" },
    { url = "https://files.pythonhosted.org/packages/d8/71/61572e6c59029a1edfe99ec05722cb1fcdf4825adc49c5c9308fa7e83c24/fastexcel-0.18.0-cp310-abi3-win_amd64.whl", hash = "sha256:259d29c1f40828e4665d64762232dd6680fec2344192ea850ba9fe4f4fddd6de", size = 2890696, upload-time = "2025-11-24T11:07:49.238Z" },
    { url = "https://files.pythonhosted.org/packages/26/f7/30bfe0a608bb26606b76db3ce9493501f2d3d5b0efc29de75175b9b847ca/fastexcel-0.18.0-cp314-cp314t-macosx_10_12_x86_64.whl", hash = "sha256:cb9be21a5b5e28cd77081f37e0a972833c8fb8f1b646986b56f893313672df0a", size = 3057524, upload-time = "2025-11-24T11:07:45.607Z" },
    { url = "https://files.pythonhosted.org/packages/df/1f/e4e91eed5cc9ee7327176483204bf16611884315c11bca273f9e3fecf503/fastexcel-0.18.0-cp314-cp314t-macosx_11_0_arm64.whl", hash = "sha256:102dfe32348519be7e8055f010f6fad1857201f768d94e418c563c6fde439410", size = 2847009, upload-time = "2025-11-24T11:07:47.352Z" },
    { url = "https://files.pythonhosted.org/packages/c9/c7/8fab170bf0fe48d0179e2bcbbdc797c8f577d7edbb7858fc23483cec2620/fastexcel-0.18.0-cp314-cp314t-manylinux_2_17_aarch64.manylinux2014_aarch64.whl", hash = "sha256:0cf22c4753c9895fe273835e160b52e64edaef89d84585a90f8b82ef1e9adc6a", size = 3185911, upload-time = "2025-11-24T11:07:36.879Z" },
    { url = "https://files.pythonhosted.org/packages/58/a6/0957473ed388e8315d18c7c6e054b37b9f278b27a70afb50f6e3684528df/fastexcel-0.18.0-cp314-cp314t-manylinux_2_17_x86_64.manylinux2014_x86_64.whl", hash = "sha256:178cf27b44a8b16be23dc165081c144463322a91b6b4043e60d6cc1b9415233b", size = 3354475, upload-time = "2025-11-24T11:07:39.095Z" },
    { url = "https://files.pythonhosted.org/packages/6f/ff/7c1f5af4b3339910f11a9b621b72e1345b8016c6dff99737e9df1388e911/fastexcel-0.18.0-cp314-cp314t-win_amd64.whl", hash = "sha256:79bb347d1ea573f6ed7de01cec0a3fc850ddaade0096f9500a07692b32541af4", size = 2890781, upload-time = "2025-11-24T11:07:51.133Z" },
]

[[package]]
name = "fragrancetrack"
version = "0.1.0"
source = { virtual = "." }
dependencies = [
    { name = "fastexcel" },
    { name = "polars" },
]

[package.metadata]
requires-dist = [
    { name = "fastexcel", specifier = ">=0.18.0" },
    { name = "polars", specifier = ">=1.35.2" },
]

[[package]]
name = "polars"
version = "1.35.2"
source = { registry = "https://pypi.org/simple" }
dependencies = [
    { name = "polars-runtime-32" },
]
sdist = { url = "https://files.pythonhosted.org/packages/fa/43/09d4738aa24394751cb7e5d1fc4b5ef461d796efcadd9d00c79578332063/polars-1.35.2.tar.gz", hash = "sha256:ae458b05ca6e7ca2c089342c70793f92f1103c502dc1b14b56f0a04f2cc1d205", size = 694895, upload-time = "2025-11-09T13:20:05.921Z" }
wheels = [
    { url = "https://files.pythonhosted.org/packages/b4/9a/24e4b890c7ee4358964aa92c4d1865df0e8831f7df6abaa3a39914521724/polars-1.35.2-py3-none-any.whl", hash = "sha256:5e8057c8289ac148c793478323b726faea933d9776bd6b8a554b0ab7c03db87e", size = 783597, upload-time = "2025-11-09T13:18:51.361Z" },
]

[[package]]
name = "polars-runtime-32"
version = "1.35.2"
source = { registry = "https://pypi.org/simple" }
sdist = { url = "https://files.pythonhosted.org/packages/cb/75/ac1256ace28c832a0997b20ba9d10a9d3739bd4d457c1eb1e7d196b6f88b/polars_runtime_32-1.35.2.tar.gz", hash = "sha256:6e6e35733ec52abe54b7d30d245e6586b027d433315d20edfb4a5d162c79fe90", size = 2694387, upload-time = "2025-11-09T13:20:07.624Z" }
wheels = [
    { url = "https://files.pythonhosted.org/packages/66/de/a532b81e68e636483a5dd764d72e106215543f3ef49a142272b277ada8fe/polars_runtime_32-1.35.2-cp39-abi3-macosx_10_12_x86_64.whl", hash = "sha256:e465d12a29e8df06ea78947e50bd361cdf77535cd904fd562666a8a9374e7e3a", size = 40524507, upload-time = "2025-11-09T13:18:55.727Z" },
    { url = "https://files.pythonhosted.org/packages/2d/0b/679751ea6aeaa7b3e33a70ba17f9c8150310792583f3ecf9bb1ce15fe15c/polars_runtime_32-1.35.2-cp39-abi3-macosx_11_0_arm64.whl", hash = "sha256:ef2b029b78f64fb53f126654c0bfa654045c7546bd0de3009d08bd52d660e8cc", size = 36700154, upload-time = "2025-11-09T13:18:59.78Z" },
    { url = "https://files.pythonhosted.org/packages/e2/c8/fd9f48dd6b89ae9cff53d896b51d08579ef9c739e46ea87a647b376c8ca2/polars_runtime_32-1.35.2-cp39-abi3-manylinux_2_17_x86_64.manylinux2014_x86_64.whl", hash = "sha256:85dda0994b5dff7f456bb2f4bbd22be9a9e5c5e28670e23fedb13601ec99a46d", size = 41317788, upload-time = "2025-11-09T13:19:03.949Z" },
    { url = "https://files.pythonhosted.org/packages/67/89/e09d9897a70b607e22a36c9eae85a5b829581108fd1e3d4292e5c0f52939/polars_runtime_32-1.35.2-cp39-abi3-manylinux_2_24_aarch64.whl", hash = "sha256:3b9006902fc51b768ff747c0f74bd4ce04005ee8aeb290ce9c07ce1cbe1b58a9", size = 37850590, upload-time = "2025-11-09T13:19:08.154Z" },
    { url = "https://files.pythonhosted.org/packages/dc/40/96a808ca5cc8707894e196315227f04a0c82136b7fb25570bc51ea33b88d/polars_runtime_32-1.35.2-cp39-abi3-win_amd64.whl", hash = "sha256:ddc015fac39735592e2e7c834c02193ba4d257bb4c8c7478b9ebe440b0756b84", size = 41290019, upload-time = "2025-11-09T13:19:12.214Z" },
    { url = "https://files.pythonhosted.org/packages/f4/d1/8d1b28d007da43c750367c8bf5cb0f22758c16b1104b2b73b9acadb2d17a/polars_runtime_32-1.35.2-cp39-abi3-win_arm64.whl", hash = "sha256:6861145aa321a44eda7cc6694fb7751cb7aa0f21026df51b5faa52e64f9dc39b", size = 36955684, upload-time = "2025-11-09T13:19:15.666Z" },
]
